
Microsoft Visual Studio Solution File, Format Version 12.00
# Visual Studio Version 16
VisualStudioVersion = 16.0.29519.181
MinimumVisualStudioVersion = 10.0.40219.1
Project("{9A19103F-16F7-4668-BE54-9A1E7A4F7556}") = "day1", "day1\day1.csproj", "{40C08CAF-CEAF-4505-9636-B1B7FD1EF60D}"
EndProject
Project("{2150E333-8FDC-42A3-9474-1A3956D46DE8}") = "day1", "day1", "{A4A2C088-A95C-4FEC-8798-E82426CC523D}"
EndProject
Project("{2150E333-8FDC-42A3-9474-1A3956D46DE8}") = "day2", "day2", "{AE701586-94F8-4058-9D44-C41F9102E158}"
EndProject
Project("{9A19103F-16F7-4668-BE54-9A1E7A4F7556}") = "password", "day2\password\password.csproj", "{8BCB0089-298B-4B38-B1CC-82F2AA200870}"
EndProject
Project("{9A19103F-16F7-4668-BE54-9A1E7A4F7556}") = "Password.Tests", "day2\Password.Tests\Password.Tests.csproj", "{1D605B61-6BDE-40D8-A04C-A225CD7420EF}"
EndProject
Project("{9A19103F-16F7-4668-BE54-9A1E7A4F7556}") = "day3", "day3\day3\day3.csproj", "{C5AF1FF7-229B-42CF-BDF1-2457D66D5A25}"
EndProject
Project("{2150E333-8FDC-42A3-9474-1A3956D46DE8}") = "day3", "day3", "{5AE5C7FE-D6C7-4A50-8E04-68BD1461BE6C}"
EndProject
Project("{9A19103F-16F7-4668-BE54-9A1E7A4F7556}") = "day3.Tests", "day3\day3.Tests\day3.Tests.csproj", "{19E50DA7-0FC3-47D3-A51C-02F519721153}"
EndProject
Project("{2150E333-8FDC-42A3-9474-1A3956D46DE8}") = "day5", "day5", "{6410C6D6-0763-441C-AA3A-E80EE654EFCA}"
EndProject
Project("{9A19103F-16F7-4668-BE54-9A1E7A4F7556}") = "day5Task", "day5\day5Task\day5Task.csproj", "{C3DD23EC-0B92-4683-9EEC-1C858AA893E8}"
EndProject
Project("{2150E333-8FDC-42A3-9474-1A3956D46DE8}") = "day6", "day6", "{2E9D76E4-BC9F-477F-A730-9C275D240BE6}"
EndProject
Project("{9A19103F-16F7-4668-BE54-9A1E7A4F7556}") = "day6task", "day6\day6task\day6task.csproj", "{8A2FE9CC-A2D9-47F0-9A40-CBF3D884D68C}"
EndProject
Project("{2150E333-8FDC-42A3-9474-1A3956D46DE8}") = "day7", "day7", "{19A852AB-727E-4890-961F-C465659A4F1B}"
EndProject
Project("{9A19103F-16F7-4668-BE54-9A1E7A4F7556}") = "day7task", "day7\day7task\day7task.csproj", "{47F606B2-2A96-404E-8467-CA6CA4943295}"
EndProject
Project("{9A19103F-16F7-4668-BE54-9A1E7A4F7556}") = "Day7Tests", "day7\Day7Tests\Day7Tests.csproj", "{A8B42197-84E8-4DA9-96E2-F7E40A67708D}"
EndProject
Project("{2150E333-8FDC-42A3-9474-1A3956D46DE8}") = "day8", "day8", "{CF58CA98-EEA6-45D5-AE36-5EF1B630C60C}"
EndProject
Project("{9A19103F-16F7-4668-BE54-9A1E7A4F7556}") = "day8task", "day8\day8task\day8task.csproj", "{71C378E6-262A-4A9E-9B0F-3A2AEBDD1EC7}"
EndProject
Project("{9A19103F-16F7-4668-BE54-9A1E7A4F7556}") = "day8Tests", "day8\day8Tests\day8Tests.csproj", "{81434B4B-F6DC-4ED0-B9F9-6879B9B1512E}"
EndProject
Project("{2150E333-8FDC-42A3-9474-1A3956D46DE8}") = "day10", "day10", "{338B7D05-DA4E-4F9F-B02D-79CA3AB4E427}"
EndProject
Project("{9A19103F-16F7-4668-BE54-9A1E7A4F7556}") = "day10Task", "day10\day10Task\day10Task.csproj", "{DE27F7F4-0ECF-47EF-9FB6-817146AEFA99}"
EndProject
Project("{2150E333-8FDC-42A3-9474-1A3956D46DE8}") = "day11", "day11", "{A0495F90-2030-4817-8D26-51C0B337E757}"
EndProject
Project("{FAE04EC0-301F-11D3-BF4B-00C04F79EFBC}") = "day11Task", "day11\day11Task\day11Task.csproj", "{C02ADD5C-0BCA-4492-A572-AC64329BCE2F}"
EndProject
Project("{FAE04EC0-301F-11D3-BF4B-00C04F79EFBC}") = "day11.Tests", "day11\day11.Tests\day11.Tests.csproj", "{E697B445-4C84-4B18-B012-4034CF06D4DE}"
EndProject
Project("{2150E333-8FDC-42A3-9474-1A3956D46DE8}") = "day16", "day16", "{A7970E7E-6D40-4248-9791-F02DA4076673}"
EndProject
Project("{FAE04EC0-301F-11D3-BF4B-00C04F79EFBC}") = "day16Tests", "day16\day16Task\day16Tests.csproj", "{0419B096-D435-4C91-B44C-A60396EF13CD}"
EndProject
Project("{FAE04EC0-301F-11D3-BF4B-00C04F79EFBC}") = "day16Challenge", "day16\day16Challenge\day16Challenge.csproj", "{F8EBB8F2-30D9-4376-A607-0BF7312F5BC1}"
EndProject
Global
	GlobalSection(SolutionConfigurationPlatforms) = preSolution
		Debug|Any CPU = Debug|Any CPU
		Release|Any CPU = Release|Any CPU
	EndGlobalSection
	GlobalSection(ProjectConfigurationPlatforms) = postSolution
		{40C08CAF-CEAF-4505-9636-B1B7FD1EF60D}.Debug|Any CPU.ActiveCfg = Debug|Any CPU
		{40C08CAF-CEAF-4505-9636-B1B7FD1EF60D}.Debug|Any CPU.Build.0 = Debug|Any CPU
		{40C08CAF-CEAF-4505-9636-B1B7FD1EF60D}.Release|Any CPU.ActiveCfg = Release|Any CPU
		{40C08CAF-CEAF-4505-9636-B1B7FD1EF60D}.Release|Any CPU.Build.0 = Release|Any CPU
		{8BCB0089-298B-4B38-B1CC-82F2AA200870}.Debug|Any CPU.ActiveCfg = Debug|Any CPU
		{8BCB0089-298B-4B38-B1CC-82F2AA200870}.Debug|Any CPU.Build.0 = Debug|Any CPU
		{8BCB0089-298B-4B38-B1CC-82F2AA200870}.Release|Any CPU.ActiveCfg = Release|Any CPU
		{8BCB0089-298B-4B38-B1CC-82F2AA200870}.Release|Any CPU.Build.0 = Release|Any CPU
		{1D605B61-6BDE-40D8-A04C-A225CD7420EF}.Debug|Any CPU.ActiveCfg = Debug|Any CPU
		{1D605B61-6BDE-40D8-A04C-A225CD7420EF}.Debug|Any CPU.Build.0 = Debug|Any CPU
		{1D605B61-6BDE-40D8-A04C-A225CD7420EF}.Release|Any CPU.ActiveCfg = Release|Any CPU
		{1D605B61-6BDE-40D8-A04C-A225CD7420EF}.Release|Any CPU.Build.0 = Release|Any CPU
		{C5AF1FF7-229B-42CF-BDF1-2457D66D5A25}.Debug|Any CPU.ActiveCfg = Debug|Any CPU
		{C5AF1FF7-229B-42CF-BDF1-2457D66D5A25}.Debug|Any CPU.Build.0 = Debug|Any CPU
		{C5AF1FF7-229B-42CF-BDF1-2457D66D5A25}.Release|Any CPU.ActiveCfg = Release|Any CPU
		{C5AF1FF7-229B-42CF-BDF1-2457D66D5A25}.Release|Any CPU.Build.0 = Release|Any CPU
		{19E50DA7-0FC3-47D3-A51C-02F519721153}.Debug|Any CPU.ActiveCfg = Debug|Any CPU
		{19E50DA7-0FC3-47D3-A51C-02F519721153}.Debug|Any CPU.Build.0 = Debug|Any CPU
		{19E50DA7-0FC3-47D3-A51C-02F519721153}.Release|Any CPU.ActiveCfg = Release|Any CPU
		{19E50DA7-0FC3-47D3-A51C-02F519721153}.Release|Any CPU.Build.0 = Release|Any CPU
		{C3DD23EC-0B92-4683-9EEC-1C858AA893E8}.Debug|Any CPU.ActiveCfg = Debug|Any CPU
		{C3DD23EC-0B92-4683-9EEC-1C858AA893E8}.Debug|Any CPU.Build.0 = Debug|Any CPU
		{C3DD23EC-0B92-4683-9EEC-1C858AA893E8}.Release|Any CPU.ActiveCfg = Release|Any CPU
		{C3DD23EC-0B92-4683-9EEC-1C858AA893E8}.Release|Any CPU.Build.0 = Release|Any CPU
		{8A2FE9CC-A2D9-47F0-9A40-CBF3D884D68C}.Debug|Any CPU.ActiveCfg = Debug|Any CPU
		{8A2FE9CC-A2D9-47F0-9A40-CBF3D884D68C}.Debug|Any CPU.Build.0 = Debug|Any CPU
		{8A2FE9CC-A2D9-47F0-9A40-CBF3D884D68C}.Release|Any CPU.ActiveCfg = Release|Any CPU
		{8A2FE9CC-A2D9-47F0-9A40-CBF3D884D68C}.Release|Any CPU.Build.0 = Release|Any CPU
		{47F606B2-2A96-404E-8467-CA6CA4943295}.Debug|Any CPU.ActiveCfg = Debug|Any CPU
		{47F606B2-2A96-404E-8467-CA6CA4943295}.Debug|Any CPU.Build.0 = Debug|Any CPU
		{47F606B2-2A96-404E-8467-CA6CA4943295}.Release|Any CPU.ActiveCfg = Release|Any CPU
		{47F606B2-2A96-404E-8467-CA6CA4943295}.Release|Any CPU.Build.0 = Release|Any CPU
		{A8B42197-84E8-4DA9-96E2-F7E40A67708D}.Debug|Any CPU.ActiveCfg = Debug|Any CPU
		{A8B42197-84E8-4DA9-96E2-F7E40A67708D}.Debug|Any CPU.Build.0 = Debug|Any CPU
		{A8B42197-84E8-4DA9-96E2-F7E40A67708D}.Release|Any CPU.ActiveCfg = Release|Any CPU
		{A8B42197-84E8-4DA9-96E2-F7E40A67708D}.Release|Any CPU.Build.0 = Release|Any CPU
		{71C378E6-262A-4A9E-9B0F-3A2AEBDD1EC7}.Debug|Any CPU.ActiveCfg = Debug|Any CPU
		{71C378E6-262A-4A9E-9B0F-3A2AEBDD1EC7}.Debug|Any CPU.Build.0 = Debug|Any CPU
		{71C378E6-262A-4A9E-9B0F-3A2AEBDD1EC7}.Release|Any CPU.ActiveCfg = Release|Any CPU
		{71C378E6-262A-4A9E-9B0F-3A2AEBDD1EC7}.Release|Any CPU.Build.0 = Release|Any CPU
		{81434B4B-F6DC-4ED0-B9F9-6879B9B1512E}.Debug|Any CPU.ActiveCfg = Debug|Any CPU
		{81434B4B-F6DC-4ED0-B9F9-6879B9B1512E}.Debug|Any CPU.Build.0 = Debug|Any CPU
		{81434B4B-F6DC-4ED0-B9F9-6879B9B1512E}.Release|Any CPU.ActiveCfg = Release|Any CPU
		{81434B4B-F6DC-4ED0-B9F9-6879B9B1512E}.Release|Any CPU.Build.0 = Release|Any CPU
		{DE27F7F4-0ECF-47EF-9FB6-817146AEFA99}.Debug|Any CPU.ActiveCfg = Debug|Any CPU
		{DE27F7F4-0ECF-47EF-9FB6-817146AEFA99}.Debug|Any CPU.Build.0 = Debug|Any CPU
		{DE27F7F4-0ECF-47EF-9FB6-817146AEFA99}.Release|Any CPU.ActiveCfg = Release|Any CPU
		{DE27F7F4-0ECF-47EF-9FB6-817146AEFA99}.Release|Any CPU.Build.0 = Release|Any CPU
		{C02ADD5C-0BCA-4492-A572-AC64329BCE2F}.Debug|Any CPU.ActiveCfg = Debug|Any CPU
		{C02ADD5C-0BCA-4492-A572-AC64329BCE2F}.Debug|Any CPU.Build.0 = Debug|Any CPU
		{C02ADD5C-0BCA-4492-A572-AC64329BCE2F}.Release|Any CPU.ActiveCfg = Release|Any CPU
		{C02ADD5C-0BCA-4492-A572-AC64329BCE2F}.Release|Any CPU.Build.0 = Release|Any CPU
		{E697B445-4C84-4B18-B012-4034CF06D4DE}.Debug|Any CPU.ActiveCfg = Debug|Any CPU
		{E697B445-4C84-4B18-B012-4034CF06D4DE}.Debug|Any CPU.Build.0 = Debug|Any CPU
		{E697B445-4C84-4B18-B012-4034CF06D4DE}.Release|Any CPU.ActiveCfg = Release|Any CPU
		{E697B445-4C84-4B18-B012-4034CF06D4DE}.Release|Any CPU.Build.0 = Release|Any CPU
		{0419B096-D435-4C91-B44C-A60396EF13CD}.Debug|Any CPU.ActiveCfg = Debug|Any CPU
		{0419B096-D435-4C91-B44C-A60396EF13CD}.Debug|Any CPU.Build.0 = Debug|Any CPU
		{0419B096-D435-4C91-B44C-A60396EF13CD}.Release|Any CPU.ActiveCfg = Release|Any CPU
		{0419B096-D435-4C91-B44C-A60396EF13CD}.Release|Any CPU.Build.0 = Release|Any CPU
		{F8EBB8F2-30D9-4376-A607-0BF7312F5BC1}.Debug|Any CPU.ActiveCfg = Debug|Any CPU
		{F8EBB8F2-30D9-4376-A607-0BF7312F5BC1}.Debug|Any CPU.Build.0 = Debug|Any CPU
		{F8EBB8F2-30D9-4376-A607-0BF7312F5BC1}.Release|Any CPU.ActiveCfg = Release|Any CPU
		{F8EBB8F2-30D9-4376-A607-0BF7312F5BC1}.Release|Any CPU.Build.0 = Release|Any CPU
	EndGlobalSection
	GlobalSection(SolutionProperties) = preSolution
		HideSolutionNode = FALSE
	EndGlobalSection
	GlobalSection(NestedProjects) = preSolution
		{40C08CAF-CEAF-4505-9636-B1B7FD1EF60D} = {A4A2C088-A95C-4FEC-8798-E82426CC523D}
		{8BCB0089-298B-4B38-B1CC-82F2AA200870} = {AE701586-94F8-4058-9D44-C41F9102E158}
		{1D605B61-6BDE-40D8-A04C-A225CD7420EF} = {AE701586-94F8-4058-9D44-C41F9102E158}
		{C5AF1FF7-229B-42CF-BDF1-2457D66D5A25} = {5AE5C7FE-D6C7-4A50-8E04-68BD1461BE6C}
		{19E50DA7-0FC3-47D3-A51C-02F519721153} = {5AE5C7FE-D6C7-4A50-8E04-68BD1461BE6C}
		{C3DD23EC-0B92-4683-9EEC-1C858AA893E8} = {6410C6D6-0763-441C-AA3A-E80EE654EFCA}
		{8A2FE9CC-A2D9-47F0-9A40-CBF3D884D68C} = {2E9D76E4-BC9F-477F-A730-9C275D240BE6}
		{47F606B2-2A96-404E-8467-CA6CA4943295} = {19A852AB-727E-4890-961F-C465659A4F1B}
		{A8B42197-84E8-4DA9-96E2-F7E40A67708D} = {19A852AB-727E-4890-961F-C465659A4F1B}
		{71C378E6-262A-4A9E-9B0F-3A2AEBDD1EC7} = {CF58CA98-EEA6-45D5-AE36-5EF1B630C60C}
		{81434B4B-F6DC-4ED0-B9F9-6879B9B1512E} = {CF58CA98-EEA6-45D5-AE36-5EF1B630C60C}
		{DE27F7F4-0ECF-47EF-9FB6-817146AEFA99} = {338B7D05-DA4E-4F9F-B02D-79CA3AB4E427}
		{C02ADD5C-0BCA-4492-A572-AC64329BCE2F} = {A0495F90-2030-4817-8D26-51C0B337E757}
		{E697B445-4C84-4B18-B012-4034CF06D4DE} = {A0495F90-2030-4817-8D26-51C0B337E757}
		{0419B096-D435-4C91-B44C-A60396EF13CD} = {A7970E7E-6D40-4248-9791-F02DA4076673}
		{F8EBB8F2-30D9-4376-A607-0BF7312F5BC1} = {A7970E7E-6D40-4248-9791-F02DA4076673}
	EndGlobalSection
	GlobalSection(ExtensibilityGlobals) = postSolution
		SolutionGuid = {E95EEBFC-D2F9-40FD-A608-B758A04F1E1F}
	EndGlobalSection
EndGlobal
