
Microsoft Visual Studio Solution File, Format Version 12.00
# Visual Studio Version 16
VisualStudioVersion = 16.0.29519.181
MinimumVisualStudioVersion = 10.0.40219.1
Project("{9A19103F-16F7-4668-BE54-9A1E7A4F7556}") = "day1", "day1\day1.csproj", "{40C08CAF-CEAF-4505-9636-B1B7FD1EF60D}"
EndProject
Project("{2150E333-8FDC-42A3-9474-1A3956D46DE8}") = "day1", "day1", "{A4A2C088-A95C-4FEC-8798-E82426CC523D}"
EndProject
Project("{2150E333-8FDC-42A3-9474-1A3956D46DE8}") = "day2", "day2", "{AE701586-94F8-4058-9D44-C41F9102E158}"
EndProject
Project("{9A19103F-16F7-4668-BE54-9A1E7A4F7556}") = "password", "day2\password\password.csproj", "{8BCB0089-298B-4B38-B1CC-82F2AA200870}"
EndProject
Project("{FAE04EC0-301F-11D3-BF4B-00C04F79EFBC}") = "Password.Tests", "day2\Password.Tests\Password.Tests.csproj", "{1D605B61-6BDE-40D8-A04C-A225CD7420EF}"
EndProject
Global
	GlobalSection(SolutionConfigurationPlatforms) = preSolution
		Debug|Any CPU = Debug|Any CPU
		Release|Any CPU = Release|Any CPU
	EndGlobalSection
	GlobalSection(ProjectConfigurationPlatforms) = postSolution
		{40C08CAF-CEAF-4505-9636-B1B7FD1EF60D}.Debug|Any CPU.ActiveCfg = Debug|Any CPU
		{40C08CAF-CEAF-4505-9636-B1B7FD1EF60D}.Debug|Any CPU.Build.0 = Debug|Any CPU
		{40C08CAF-CEAF-4505-9636-B1B7FD1EF60D}.Release|Any CPU.ActiveCfg = Release|Any CPU
		{40C08CAF-CEAF-4505-9636-B1B7FD1EF60D}.Release|Any CPU.Build.0 = Release|Any CPU
		{8BCB0089-298B-4B38-B1CC-82F2AA200870}.Debug|Any CPU.ActiveCfg = Debug|Any CPU
		{8BCB0089-298B-4B38-B1CC-82F2AA200870}.Debug|Any CPU.Build.0 = Debug|Any CPU
		{8BCB0089-298B-4B38-B1CC-82F2AA200870}.Release|Any CPU.ActiveCfg = Release|Any CPU
		{8BCB0089-298B-4B38-B1CC-82F2AA200870}.Release|Any CPU.Build.0 = Release|Any CPU
		{1D605B61-6BDE-40D8-A04C-A225CD7420EF}.Debug|Any CPU.ActiveCfg = Debug|Any CPU
		{1D605B61-6BDE-40D8-A04C-A225CD7420EF}.Debug|Any CPU.Build.0 = Debug|Any CPU
		{1D605B61-6BDE-40D8-A04C-A225CD7420EF}.Release|Any CPU.ActiveCfg = Release|Any CPU
		{1D605B61-6BDE-40D8-A04C-A225CD7420EF}.Release|Any CPU.Build.0 = Release|Any CPU
	EndGlobalSection
	GlobalSection(SolutionProperties) = preSolution
		HideSolutionNode = FALSE
	EndGlobalSection
	GlobalSection(NestedProjects) = preSolution
		{40C08CAF-CEAF-4505-9636-B1B7FD1EF60D} = {A4A2C088-A95C-4FEC-8798-E82426CC523D}
		{8BCB0089-298B-4B38-B1CC-82F2AA200870} = {AE701586-94F8-4058-9D44-C41F9102E158}
		{1D605B61-6BDE-40D8-A04C-A225CD7420EF} = {AE701586-94F8-4058-9D44-C41F9102E158}
	EndGlobalSection
	GlobalSection(ExtensibilityGlobals) = postSolution
		SolutionGuid = {E95EEBFC-D2F9-40FD-A608-B758A04F1E1F}
	EndGlobalSection
EndGlobal
